
Microsoft Visual Studio Solution File, Format Version 12.00
# Visual Studio Version 17
VisualStudioVersion = 17.1.32328.378
MinimumVisualStudioVersion = 10.0.40219.1
Project("{FAE04EC0-301F-11D3-BF4B-00C04F79EFBC}") = "CourseWork", "CourseWork\CourseWork.csproj", "{05FACFF8-ABE9-48F4-BA33-0E9974D08DF4}"
EndProject
Global
	GlobalSection(SolutionConfigurationPlatforms) = preSolution
		Debug|Any CPU = Debug|Any CPU
		Release|Any CPU = Release|Any CPU
	EndGlobalSection
	GlobalSection(ProjectConfigurationPlatforms) = postSolution
		{05FACFF8-ABE9-48F4-BA33-0E9974D08DF4}.Debug|Any CPU.ActiveCfg = Debug|Any CPU
		{05FACFF8-ABE9-48F4-BA33-0E9974D08DF4}.Debug|Any CPU.Build.0 = Debug|Any CPU
		{05FACFF8-ABE9-48F4-BA33-0E9974D08DF4}.Release|Any CPU.ActiveCfg = Release|Any CPU
		{05FACFF8-ABE9-48F4-BA33-0E9974D08DF4}.Release|Any CPU.Build.0 = Release|Any CPU
	EndGlobalSection
	GlobalSection(SolutionProperties) = preSolution
		HideSolutionNode = FALSE
	EndGlobalSection
	GlobalSection(ExtensibilityGlobals) = postSolution
		SolutionGuid = {6A745E9A-BF61-4608-99B0-F1B72B156162}
	EndGlobalSection
EndGlobal
